<?xml version="1.0" encoding="utf-8"?>
<Project ToolsVersion="4.0" xmlns="http://schemas.microsoft.com/developer/msbuild/2003">
  <ItemGroup>
    <ClCompile Include="main.cpp" />
    <ClCompile Include="LevelManager.cpp">
      <Filter>LevelSystem</Filter>
    </ClCompile>
    <ClCompile Include="AbstractLevel.cpp">
      <Filter>LevelSystem</Filter>
    </ClCompile>
    <ClCompile Include="LeapIntegration.cpp">
      <Filter>LeapSystem</Filter>
    </ClCompile>
    <ClCompile Include="LeapVisualizer.cpp">
      <Filter>LeapSystem</Filter>
    </ClCompile>
    <ClCompile Include="stdafx.cpp">
      <Filter>Precompiled-Header</Filter>
    </ClCompile>
    <ClCompile Include="GrabableObject.cpp">
      <Filter>LeapSystem\Interaction</Filter>
    </ClCompile>
    <ClCompile Include="ObjectSpawner.cpp">
      <Filter>LeapSystem\Interaction</Filter>
    </ClCompile>
  </ItemGroup>
  <ItemGroup>
    <ClInclude Include="DebugGUI.hpp" />
    <ClInclude Include="LevelManager.hpp">
      <Filter>LevelSystem</Filter>
    </ClInclude>
    <ClInclude Include="AbstractLevel.hpp">
      <Filter>LevelSystem</Filter>
    </ClInclude>
    <ClInclude Include="LeapIntegration.hpp">
      <Filter>LeapSystem</Filter>
    </ClInclude>
    <ClInclude Include="LeapVisualizer.hpp">
      <Filter>LeapSystem</Filter>
    </ClInclude>
    <ClInclude Include="HandObject.hpp">
      <Filter>LeapSystem</Filter>
    </ClInclude>
    <ClInclude Include="Demo0.hpp">
      <Filter>LevelSystem\DemoLevels</Filter>
    </ClInclude>
    <ClInclude Include="Demo1.hpp">
      <Filter>LevelSystem\DemoLevels</Filter>
    </ClInclude>
    <ClInclude Include="stdafx.h">
      <Filter>Precompiled-Header</Filter>
    </ClInclude>
    <ClInclude Include="GrabableObject.hpp">
      <Filter>LeapSystem\Interaction</Filter>
    </ClInclude>
    <ClInclude Include="ObjectSpawner.hpp">
      <Filter>LeapSystem\Interaction</Filter>
    </ClInclude>
    <ClInclude Include="LeapInteractionManager.hpp">
      <Filter>LeapSystem\Interaction</Filter>
    </ClInclude>
  </ItemGroup>
  <ItemGroup>
    <Filter Include="LevelSystem">
      <UniqueIdentifier>{535e7c26-b412-4665-83d0-e433f6f8519b}</UniqueIdentifier>
    </Filter>
    <Filter Include="LeapSystem">
      <UniqueIdentifier>{c71a1a16-e423-4142-9183-867dcdfc892b}</UniqueIdentifier>
    </Filter>
    <Filter Include="Precompiled-Header">
      <UniqueIdentifier>{c972cf8a-2b57-45d3-a046-dde687090033}</UniqueIdentifier>
    </Filter>
    <Filter Include="LevelSystem\DemoLevels">
      <UniqueIdentifier>{921cc025-a059-4741-a10b-573b52572b89}</UniqueIdentifier>
    </Filter>
    <Filter Include="LeapSystem\Interaction">
      <UniqueIdentifier>{9e61f86c-10d5-461f-9c39-f8b2188200da}</UniqueIdentifier>
    </Filter>
  </ItemGroup>
  <ItemGroup>
    <None Include="ClassDiagram.cd" />
  </ItemGroup>
</Project>